
Microsoft Visual Studio Solution File, Format Version 12.00
# Visual Studio Version 17
VisualStudioVersion = 17.1.32421.90
MinimumVisualStudioVersion = 10.0.40219.1
Project("{FAE04EC0-301F-11D3-BF4B-00C04F79EFBC}") = "2D Araba oyunu", "2D Araba oyunu\2D Araba oyunu.csproj", "{9E4D9A0E-8EF0-47F0-B5D0-82A4F8C1578C}"
EndProject
Global
	GlobalSection(SolutionConfigurationPlatforms) = preSolution
		Debug|Any CPU = Debug|Any CPU
		Release|Any CPU = Release|Any CPU
	EndGlobalSection
	GlobalSection(ProjectConfigurationPlatforms) = postSolution
		{9E4D9A0E-8EF0-47F0-B5D0-82A4F8C1578C}.Debug|Any CPU.ActiveCfg = Debug|Any CPU
		{9E4D9A0E-8EF0-47F0-B5D0-82A4F8C1578C}.Debug|Any CPU.Build.0 = Debug|Any CPU
		{9E4D9A0E-8EF0-47F0-B5D0-82A4F8C1578C}.Release|Any CPU.ActiveCfg = Release|Any CPU
		{9E4D9A0E-8EF0-47F0-B5D0-82A4F8C1578C}.Release|Any CPU.Build.0 = Release|Any CPU
	EndGlobalSection
	GlobalSection(SolutionProperties) = preSolution
		HideSolutionNode = FALSE
	EndGlobalSection
	GlobalSection(ExtensibilityGlobals) = postSolution
		SolutionGuid = {1B014DC7-58FB-4505-AC7C-462B56DB657F}
	EndGlobalSection
EndGlobal
